
Microsoft Visual Studio Solution File, Format Version 12.00
# Visual Studio Version 17
VisualStudioVersion = 17.13.35825.156 d17.13
MinimumVisualStudioVersion = 10.0.40219.1
Project("{FAE04EC0-301F-11D3-BF4B-00C04F79EFBC}") = "Vanessa", "Vanessa\Vanessa.csproj", "{A99F8619-4FB0-4DC2-8982-111BF7EAD1CE}"
EndProject
Global
	GlobalSection(SolutionConfigurationPlatforms) = preSolution
		Debug|Any CPU = Debug|Any CPU
		Release|Any CPU = Release|Any CPU
	EndGlobalSection
	GlobalSection(ProjectConfigurationPlatforms) = postSolution
		{A99F8619-4FB0-4DC2-8982-111BF7EAD1CE}.Debug|Any CPU.ActiveCfg = Debug|Any CPU
		{A99F8619-4FB0-4DC2-8982-111BF7EAD1CE}.Debug|Any CPU.Build.0 = Debug|Any CPU
		{A99F8619-4FB0-4DC2-8982-111BF7EAD1CE}.Release|Any CPU.ActiveCfg = Release|Any CPU
		{A99F8619-4FB0-4DC2-8982-111BF7EAD1CE}.Release|Any CPU.Build.0 = Release|Any CPU
	EndGlobalSection
	GlobalSection(SolutionProperties) = preSolution
		HideSolutionNode = FALSE
	EndGlobalSection
	GlobalSection(ExtensibilityGlobals) = postSolution
		SolutionGuid = {A62B62A7-94F8-4E21-BE01-B236E56F4B49}
	EndGlobalSection
EndGlobal
